
Microsoft Visual Studio Solution File, Format Version 12.00
# Visual Studio Version 17
VisualStudioVersion = 17.10.34928.147
MinimumVisualStudioVersion = 10.0.40219.1
Project("{FAE04EC0-301F-11D3-BF4B-00C04F79EFBC}") = "DanielBastardoAnalizadordeTexto", "DanielBastardoAnalizadordeTexto\DanielBastardoAnalizadordeTexto.csproj", "{1A0E93FE-EBBD-45BD-B704-3EA3685F2652}"
EndProject
Global
	GlobalSection(SolutionConfigurationPlatforms) = preSolution
		Debug|Any CPU = Debug|Any CPU
		Release|Any CPU = Release|Any CPU
	EndGlobalSection
	GlobalSection(ProjectConfigurationPlatforms) = postSolution
		{1A0E93FE-EBBD-45BD-B704-3EA3685F2652}.Debug|Any CPU.ActiveCfg = Debug|Any CPU
		{1A0E93FE-EBBD-45BD-B704-3EA3685F2652}.Debug|Any CPU.Build.0 = Debug|Any CPU
		{1A0E93FE-EBBD-45BD-B704-3EA3685F2652}.Release|Any CPU.ActiveCfg = Release|Any CPU
		{1A0E93FE-EBBD-45BD-B704-3EA3685F2652}.Release|Any CPU.Build.0 = Release|Any CPU
	EndGlobalSection
	GlobalSection(SolutionProperties) = preSolution
		HideSolutionNode = FALSE
	EndGlobalSection
	GlobalSection(ExtensibilityGlobals) = postSolution
		SolutionGuid = {2E92F533-9BBF-406C-A6DE-2154B59AEDC5}
	EndGlobalSection
EndGlobal
